
Microsoft Visual Studio Solution File, Format Version 12.00
Project("{FAE04EC0-301F-11D3-BF4B-00C04F79EFBC}") = "SearchLite", "Source\SearchLite\SearchLite.csproj", "{732D5726-4614-44AF-86A0-C52DE0B3EF57}"
EndProject
Project("{FAE04EC0-301F-11D3-BF4B-00C04F79EFBC}") = "SearchLite.Tests", "Tests\SearchLite.Tests\SearchLite.Tests.csproj", "{30589B76-03D3-47EE-86F5-9580981A1A42}"
EndProject
Project("{FAE04EC0-301F-11D3-BF4B-00C04F79EFBC}") = "SearchLite.Sqlite", "Source\SearchLite.Sqlite\SearchLite.Sqlite.csproj", "{F2C07B2A-5C52-4089-B22D-3693F0CCE075}"
EndProject
Project("{FAE04EC0-301F-11D3-BF4B-00C04F79EFBC}") = "SearchLite.Postgres", "Source\SearchLite.Postgres\SearchLite.Postgres.csproj", "{6DA7AA08-571B-432F-BD57-782373ABFC24}"
EndProject
Project("{2150E333-8FDC-42A3-9474-1A3956D46DE8}") = ".meta", ".meta", "{100FC658-D97C-45CE-9991-E5600218D582}"
	ProjectSection(SolutionItems) = preProject
		readme.md = readme.md
		Directory.Build.props = Directory.Build.props
		readme.nuget.md = readme.nuget.md
		Directory.Packages.props = Directory.Packages.props
		.gitignore = .gitignore
	EndProjectSection
EndProject
Project("{2150E333-8FDC-42A3-9474-1A3956D46DE8}") = ".github", ".github", "{4AC2C1D6-D09C-44F8-92BB-F095F027E1CD}"
	ProjectSection(SolutionItems) = preProject
		.github\workflows\dotnet.yml = .github\workflows\dotnet.yml
	EndProjectSection
EndProject
Project("{2150E333-8FDC-42A3-9474-1A3956D46DE8}") = "Tests", "Tests", "{0AB3BF05-4346-4AA6-1389-037BE0695223}"
EndProject
Project("{FAE04EC0-301F-11D3-BF4B-00C04F79EFBC}") = "SearchLite.Conformance", "Tests\SearchLite.Conformance\SearchLite.Conformance.csproj", "{9DFACF5F-6514-459E-B942-0265965F240B}"
EndProject
Project("{2150E333-8FDC-42A3-9474-1A3956D46DE8}") = "Source", "Source", "{B8EFCA5F-814F-285C-A8CB-F00F14650265}"
EndProject
Project("{FAE04EC0-301F-11D3-BF4B-00C04F79EFBC}") = "SearchLite.Sqlite.Tests", "Tests\SearchLite.Sqlite.Tests\SearchLite.Sqlite.Tests.csproj", "{FAACA2A7-8925-4303-B369-E70F0DF4952B}"
EndProject
Project("{FAE04EC0-301F-11D3-BF4B-00C04F79EFBC}") = "SearchLite.Postgres.Tests", "Tests\SearchLite.Postgres.Tests\SearchLite.Postgres.Tests.csproj", "{2C44B23D-0A5E-4E95-9741-E5A73CD7787E}"
EndProject
Project("{FAE04EC0-301F-11D3-BF4B-00C04F79EFBC}") = "SearchLite.MariaDb", "Source\SearchLite.MariaDb\SearchLite.MariaDb.csproj", "{242653EF-82A2-436A-B1E2-5164AE7B18E3}"
EndProject
Project("{FAE04EC0-301F-11D3-BF4B-00C04F79EFBC}") = "SearchLite.MariaDb.Tests", "Tests\SearchLite.MariaDb.Tests\SearchLite.MariaDb.Tests.csproj", "{90590189-940C-47BC-ABB0-925178D12224}"
EndProject
Global
	GlobalSection(SolutionConfigurationPlatforms) = preSolution
		Debug|Any CPU = Debug|Any CPU
		Debug|x64 = Debug|x64
		Debug|x86 = Debug|x86
		Release|Any CPU = Release|Any CPU
		Release|x64 = Release|x64
		Release|x86 = Release|x86
	EndGlobalSection
	GlobalSection(ProjectConfigurationPlatforms) = postSolution
		{732D5726-4614-44AF-86A0-C52DE0B3EF57}.Debug|Any CPU.ActiveCfg = Debug|Any CPU
		{732D5726-4614-44AF-86A0-C52DE0B3EF57}.Debug|Any CPU.Build.0 = Debug|Any CPU
		{732D5726-4614-44AF-86A0-C52DE0B3EF57}.Debug|x64.ActiveCfg = Debug|Any CPU
		{732D5726-4614-44AF-86A0-C52DE0B3EF57}.Debug|x64.Build.0 = Debug|Any CPU
		{732D5726-4614-44AF-86A0-C52DE0B3EF57}.Debug|x86.ActiveCfg = Debug|Any CPU
		{732D5726-4614-44AF-86A0-C52DE0B3EF57}.Debug|x86.Build.0 = Debug|Any CPU
		{732D5726-4614-44AF-86A0-C52DE0B3EF57}.Release|Any CPU.ActiveCfg = Release|Any CPU
		{732D5726-4614-44AF-86A0-C52DE0B3EF57}.Release|Any CPU.Build.0 = Release|Any CPU
		{732D5726-4614-44AF-86A0-C52DE0B3EF57}.Release|x64.ActiveCfg = Release|Any CPU
		{732D5726-4614-44AF-86A0-C52DE0B3EF57}.Release|x64.Build.0 = Release|Any CPU
		{732D5726-4614-44AF-86A0-C52DE0B3EF57}.Release|x86.ActiveCfg = Release|Any CPU
		{732D5726-4614-44AF-86A0-C52DE0B3EF57}.Release|x86.Build.0 = Release|Any CPU
		{30589B76-03D3-47EE-86F5-9580981A1A42}.Debug|Any CPU.ActiveCfg = Debug|Any CPU
		{30589B76-03D3-47EE-86F5-9580981A1A42}.Debug|Any CPU.Build.0 = Debug|Any CPU
		{30589B76-03D3-47EE-86F5-9580981A1A42}.Debug|x64.ActiveCfg = Debug|Any CPU
		{30589B76-03D3-47EE-86F5-9580981A1A42}.Debug|x64.Build.0 = Debug|Any CPU
		{30589B76-03D3-47EE-86F5-9580981A1A42}.Debug|x86.ActiveCfg = Debug|Any CPU
		{30589B76-03D3-47EE-86F5-9580981A1A42}.Debug|x86.Build.0 = Debug|Any CPU
		{30589B76-03D3-47EE-86F5-9580981A1A42}.Release|Any CPU.ActiveCfg = Release|Any CPU
		{30589B76-03D3-47EE-86F5-9580981A1A42}.Release|Any CPU.Build.0 = Release|Any CPU
		{30589B76-03D3-47EE-86F5-9580981A1A42}.Release|x64.ActiveCfg = Release|Any CPU
		{30589B76-03D3-47EE-86F5-9580981A1A42}.Release|x64.Build.0 = Release|Any CPU
		{30589B76-03D3-47EE-86F5-9580981A1A42}.Release|x86.ActiveCfg = Release|Any CPU
		{30589B76-03D3-47EE-86F5-9580981A1A42}.Release|x86.Build.0 = Release|Any CPU
		{F2C07B2A-5C52-4089-B22D-3693F0CCE075}.Debug|Any CPU.ActiveCfg = Debug|Any CPU
		{F2C07B2A-5C52-4089-B22D-3693F0CCE075}.Debug|Any CPU.Build.0 = Debug|Any CPU
		{F2C07B2A-5C52-4089-B22D-3693F0CCE075}.Debug|x64.ActiveCfg = Debug|Any CPU
		{F2C07B2A-5C52-4089-B22D-3693F0CCE075}.Debug|x64.Build.0 = Debug|Any CPU
		{F2C07B2A-5C52-4089-B22D-3693F0CCE075}.Debug|x86.ActiveCfg = Debug|Any CPU
		{F2C07B2A-5C52-4089-B22D-3693F0CCE075}.Debug|x86.Build.0 = Debug|Any CPU
		{F2C07B2A-5C52-4089-B22D-3693F0CCE075}.Release|Any CPU.ActiveCfg = Release|Any CPU
		{F2C07B2A-5C52-4089-B22D-3693F0CCE075}.Release|Any CPU.Build.0 = Release|Any CPU
		{F2C07B2A-5C52-4089-B22D-3693F0CCE075}.Release|x64.ActiveCfg = Release|Any CPU
		{F2C07B2A-5C52-4089-B22D-3693F0CCE075}.Release|x64.Build.0 = Release|Any CPU
		{F2C07B2A-5C52-4089-B22D-3693F0CCE075}.Release|x86.ActiveCfg = Release|Any CPU
		{F2C07B2A-5C52-4089-B22D-3693F0CCE075}.Release|x86.Build.0 = Release|Any CPU
		{6DA7AA08-571B-432F-BD57-782373ABFC24}.Debug|Any CPU.ActiveCfg = Debug|Any CPU
		{6DA7AA08-571B-432F-BD57-782373ABFC24}.Debug|Any CPU.Build.0 = Debug|Any CPU
		{6DA7AA08-571B-432F-BD57-782373ABFC24}.Debug|x64.ActiveCfg = Debug|Any CPU
		{6DA7AA08-571B-432F-BD57-782373ABFC24}.Debug|x64.Build.0 = Debug|Any CPU
		{6DA7AA08-571B-432F-BD57-782373ABFC24}.Debug|x86.ActiveCfg = Debug|Any CPU
		{6DA7AA08-571B-432F-BD57-782373ABFC24}.Debug|x86.Build.0 = Debug|Any CPU
		{6DA7AA08-571B-432F-BD57-782373ABFC24}.Release|Any CPU.ActiveCfg = Release|Any CPU
		{6DA7AA08-571B-432F-BD57-782373ABFC24}.Release|Any CPU.Build.0 = Release|Any CPU
		{6DA7AA08-571B-432F-BD57-782373ABFC24}.Release|x64.ActiveCfg = Release|Any CPU
		{6DA7AA08-571B-432F-BD57-782373ABFC24}.Release|x64.Build.0 = Release|Any CPU
		{6DA7AA08-571B-432F-BD57-782373ABFC24}.Release|x86.ActiveCfg = Release|Any CPU
		{6DA7AA08-571B-432F-BD57-782373ABFC24}.Release|x86.Build.0 = Release|Any CPU
		{9DFACF5F-6514-459E-B942-0265965F240B}.Debug|Any CPU.ActiveCfg = Debug|Any CPU
		{9DFACF5F-6514-459E-B942-0265965F240B}.Debug|Any CPU.Build.0 = Debug|Any CPU
		{9DFACF5F-6514-459E-B942-0265965F240B}.Debug|x64.ActiveCfg = Debug|Any CPU
		{9DFACF5F-6514-459E-B942-0265965F240B}.Debug|x64.Build.0 = Debug|Any CPU
		{9DFACF5F-6514-459E-B942-0265965F240B}.Debug|x86.ActiveCfg = Debug|Any CPU
		{9DFACF5F-6514-459E-B942-0265965F240B}.Debug|x86.Build.0 = Debug|Any CPU
		{9DFACF5F-6514-459E-B942-0265965F240B}.Release|Any CPU.ActiveCfg = Release|Any CPU
		{9DFACF5F-6514-459E-B942-0265965F240B}.Release|Any CPU.Build.0 = Release|Any CPU
		{9DFACF5F-6514-459E-B942-0265965F240B}.Release|x64.ActiveCfg = Release|Any CPU
		{9DFACF5F-6514-459E-B942-0265965F240B}.Release|x64.Build.0 = Release|Any CPU
		{9DFACF5F-6514-459E-B942-0265965F240B}.Release|x86.ActiveCfg = Release|Any CPU
		{9DFACF5F-6514-459E-B942-0265965F240B}.Release|x86.Build.0 = Release|Any CPU
		{FAACA2A7-8925-4303-B369-E70F0DF4952B}.Debug|Any CPU.ActiveCfg = Debug|Any CPU
		{FAACA2A7-8925-4303-B369-E70F0DF4952B}.Debug|Any CPU.Build.0 = Debug|Any CPU
		{FAACA2A7-8925-4303-B369-E70F0DF4952B}.Debug|x64.ActiveCfg = Debug|Any CPU
		{FAACA2A7-8925-4303-B369-E70F0DF4952B}.Debug|x64.Build.0 = Debug|Any CPU
		{FAACA2A7-8925-4303-B369-E70F0DF4952B}.Debug|x86.ActiveCfg = Debug|Any CPU
		{FAACA2A7-8925-4303-B369-E70F0DF4952B}.Debug|x86.Build.0 = Debug|Any CPU
		{FAACA2A7-8925-4303-B369-E70F0DF4952B}.Release|Any CPU.ActiveCfg = Release|Any CPU
		{FAACA2A7-8925-4303-B369-E70F0DF4952B}.Release|Any CPU.Build.0 = Release|Any CPU
		{FAACA2A7-8925-4303-B369-E70F0DF4952B}.Release|x64.ActiveCfg = Release|Any CPU
		{FAACA2A7-8925-4303-B369-E70F0DF4952B}.Release|x64.Build.0 = Release|Any CPU
		{FAACA2A7-8925-4303-B369-E70F0DF4952B}.Release|x86.ActiveCfg = Release|Any CPU
		{FAACA2A7-8925-4303-B369-E70F0DF4952B}.Release|x86.Build.0 = Release|Any CPU
		{2C44B23D-0A5E-4E95-9741-E5A73CD7787E}.Debug|Any CPU.ActiveCfg = Debug|Any CPU
		{2C44B23D-0A5E-4E95-9741-E5A73CD7787E}.Debug|Any CPU.Build.0 = Debug|Any CPU
		{2C44B23D-0A5E-4E95-9741-E5A73CD7787E}.Debug|x64.ActiveCfg = Debug|Any CPU
		{2C44B23D-0A5E-4E95-9741-E5A73CD7787E}.Debug|x64.Build.0 = Debug|Any CPU
		{2C44B23D-0A5E-4E95-9741-E5A73CD7787E}.Debug|x86.ActiveCfg = Debug|Any CPU
		{2C44B23D-0A5E-4E95-9741-E5A73CD7787E}.Debug|x86.Build.0 = Debug|Any CPU
		{2C44B23D-0A5E-4E95-9741-E5A73CD7787E}.Release|Any CPU.ActiveCfg = Release|Any CPU
		{2C44B23D-0A5E-4E95-9741-E5A73CD7787E}.Release|Any CPU.Build.0 = Release|Any CPU
		{2C44B23D-0A5E-4E95-9741-E5A73CD7787E}.Release|x64.ActiveCfg = Release|Any CPU
		{2C44B23D-0A5E-4E95-9741-E5A73CD7787E}.Release|x64.Build.0 = Release|Any CPU
		{2C44B23D-0A5E-4E95-9741-E5A73CD7787E}.Release|x86.ActiveCfg = Release|Any CPU
		{2C44B23D-0A5E-4E95-9741-E5A73CD7787E}.Release|x86.Build.0 = Release|Any CPU
		{242653EF-82A2-436A-B1E2-5164AE7B18E3}.Debug|Any CPU.ActiveCfg = Debug|Any CPU
		{242653EF-82A2-436A-B1E2-5164AE7B18E3}.Debug|Any CPU.Build.0 = Debug|Any CPU
		{242653EF-82A2-436A-B1E2-5164AE7B18E3}.Debug|x64.ActiveCfg = Debug|Any CPU
		{242653EF-82A2-436A-B1E2-5164AE7B18E3}.Debug|x64.Build.0 = Debug|Any CPU
		{242653EF-82A2-436A-B1E2-5164AE7B18E3}.Debug|x86.ActiveCfg = Debug|Any CPU
		{242653EF-82A2-436A-B1E2-5164AE7B18E3}.Debug|x86.Build.0 = Debug|Any CPU
		{242653EF-82A2-436A-B1E2-5164AE7B18E3}.Release|Any CPU.ActiveCfg = Release|Any CPU
		{242653EF-82A2-436A-B1E2-5164AE7B18E3}.Release|Any CPU.Build.0 = Release|Any CPU
		{242653EF-82A2-436A-B1E2-5164AE7B18E3}.Release|x64.ActiveCfg = Release|Any CPU
		{242653EF-82A2-436A-B1E2-5164AE7B18E3}.Release|x64.Build.0 = Release|Any CPU
		{242653EF-82A2-436A-B1E2-5164AE7B18E3}.Release|x86.ActiveCfg = Release|Any CPU
		{242653EF-82A2-436A-B1E2-5164AE7B18E3}.Release|x86.Build.0 = Release|Any CPU
		{90590189-940C-47BC-ABB0-925178D12224}.Debug|Any CPU.ActiveCfg = Debug|Any CPU
		{90590189-940C-47BC-ABB0-925178D12224}.Debug|Any CPU.Build.0 = Debug|Any CPU
		{90590189-940C-47BC-ABB0-925178D12224}.Debug|x64.ActiveCfg = Debug|Any CPU
		{90590189-940C-47BC-ABB0-925178D12224}.Debug|x64.Build.0 = Debug|Any CPU
		{90590189-940C-47BC-ABB0-925178D12224}.Debug|x86.ActiveCfg = Debug|Any CPU
		{90590189-940C-47BC-ABB0-925178D12224}.Debug|x86.Build.0 = Debug|Any CPU
		{90590189-940C-47BC-ABB0-925178D12224}.Release|Any CPU.ActiveCfg = Release|Any CPU
		{90590189-940C-47BC-ABB0-925178D12224}.Release|Any CPU.Build.0 = Release|Any CPU
		{90590189-940C-47BC-ABB0-925178D12224}.Release|x64.ActiveCfg = Release|Any CPU
		{90590189-940C-47BC-ABB0-925178D12224}.Release|x64.Build.0 = Release|Any CPU
		{90590189-940C-47BC-ABB0-925178D12224}.Release|x86.ActiveCfg = Release|Any CPU
		{90590189-940C-47BC-ABB0-925178D12224}.Release|x86.Build.0 = Release|Any CPU
	EndGlobalSection
	GlobalSection(SolutionProperties) = preSolution
		HideSolutionNode = FALSE
	EndGlobalSection
	GlobalSection(NestedProjects) = preSolution
		{4AC2C1D6-D09C-44F8-92BB-F095F027E1CD} = {100FC658-D97C-45CE-9991-E5600218D582}
		{9DFACF5F-6514-459E-B942-0265965F240B} = {0AB3BF05-4346-4AA6-1389-037BE0695223}
		{FAACA2A7-8925-4303-B369-E70F0DF4952B} = {0AB3BF05-4346-4AA6-1389-037BE0695223}
		{2C44B23D-0A5E-4E95-9741-E5A73CD7787E} = {0AB3BF05-4346-4AA6-1389-037BE0695223}
		{242653EF-82A2-436A-B1E2-5164AE7B18E3} = {B8EFCA5F-814F-285C-A8CB-F00F14650265}
		{90590189-940C-47BC-ABB0-925178D12224} = {0AB3BF05-4346-4AA6-1389-037BE0695223}
	EndGlobalSection
EndGlobal
